{
  "originHash" : "8bc689a1677969dc6dac8d272b9d75ae680d6ea09096249e4b6702e7d164454d",
  "pins" : [
    {
      "identity" : "mparticle-apple-sdk",
      "kind" : "remoteSourceControl",
      "location" : "https://github.com/mParticle/mparticle-apple-sdk",
      "state" : {
        "revision" : "d6165052414519c53ccc16136ae407e5b8c6c67c",
        "version" : "8.27.5"
      }
    }
  ],
  "version" : 3
}
